
Microsoft Visual Studio Solution File, Format Version 12.00
# Visual Studio 2013
VisualStudioVersion = 12.0.30110.0
MinimumVisualStudioVersion = 10.0.40219.1
Project("{FAE04EC0-301F-11D3-BF4B-00C04F79EFBC}") = "CoffeeFinder.WP8", "CoffeeFinder.WP8\CoffeeFinder.WP8.csproj", "{356D57A2-4EAC-4F2C-8905-8418BE452C8C}"
EndProject
Project("{FAE04EC0-301F-11D3-BF4B-00C04F79EFBC}") = "CoffeeFinder.Core", "CoffeeFinder.Core\CoffeeFinder.Core.csproj", "{B6EFEA1D-A751-48E2-9DC5-CED0BAAB09DA}"
EndProject
Project("{FAE04EC0-301F-11D3-BF4B-00C04F79EFBC}") = "CoffeeFinder.Android", "CoffeeFinder.Android\CoffeeFinder.Android.csproj", "{7A98D914-5738-4A09-9DFB-D6D47AE768C5}"
EndProject
Global
	GlobalSection(SolutionConfigurationPlatforms) = preSolution
		Ad-Hoc|Any CPU = Ad-Hoc|Any CPU
		Ad-Hoc|ARM = Ad-Hoc|ARM
		Ad-Hoc|iPhone = Ad-Hoc|iPhone
		Ad-Hoc|iPhoneSimulator = Ad-Hoc|iPhoneSimulator
		Ad-Hoc|Mixed Platforms = Ad-Hoc|Mixed Platforms
		Ad-Hoc|x86 = Ad-Hoc|x86
		AppStore|Any CPU = AppStore|Any CPU
		AppStore|ARM = AppStore|ARM
		AppStore|iPhone = AppStore|iPhone
		AppStore|iPhoneSimulator = AppStore|iPhoneSimulator
		AppStore|Mixed Platforms = AppStore|Mixed Platforms
		AppStore|x86 = AppStore|x86
		Debug|Any CPU = Debug|Any CPU
		Debug|ARM = Debug|ARM
		Debug|iPhone = Debug|iPhone
		Debug|iPhoneSimulator = Debug|iPhoneSimulator
		Debug|Mixed Platforms = Debug|Mixed Platforms
		Debug|x86 = Debug|x86
		Release|Any CPU = Release|Any CPU
		Release|ARM = Release|ARM
		Release|iPhone = Release|iPhone
		Release|iPhoneSimulator = Release|iPhoneSimulator
		Release|Mixed Platforms = Release|Mixed Platforms
		Release|x86 = Release|x86
	EndGlobalSection
	GlobalSection(ProjectConfigurationPlatforms) = postSolution
		{356D57A2-4EAC-4F2C-8905-8418BE452C8C}.Ad-Hoc|Any CPU.ActiveCfg = Release|Any CPU
		{356D57A2-4EAC-4F2C-8905-8418BE452C8C}.Ad-Hoc|Any CPU.Build.0 = Release|Any CPU
		{356D57A2-4EAC-4F2C-8905-8418BE452C8C}.Ad-Hoc|Any CPU.Deploy.0 = Release|Any CPU
		{356D57A2-4EAC-4F2C-8905-8418BE452C8C}.Ad-Hoc|ARM.ActiveCfg = Release|ARM
		{356D57A2-4EAC-4F2C-8905-8418BE452C8C}.Ad-Hoc|ARM.Build.0 = Release|ARM
		{356D57A2-4EAC-4F2C-8905-8418BE452C8C}.Ad-Hoc|ARM.Deploy.0 = Release|ARM
		{356D57A2-4EAC-4F2C-8905-8418BE452C8C}.Ad-Hoc|iPhone.ActiveCfg = Release|Any CPU
		{356D57A2-4EAC-4F2C-8905-8418BE452C8C}.Ad-Hoc|iPhoneSimulator.ActiveCfg = Release|Any CPU
		{356D57A2-4EAC-4F2C-8905-8418BE452C8C}.Ad-Hoc|Mixed Platforms.ActiveCfg = Release|x86
		{356D57A2-4EAC-4F2C-8905-8418BE452C8C}.Ad-Hoc|Mixed Platforms.Build.0 = Release|x86
		{356D57A2-4EAC-4F2C-8905-8418BE452C8C}.Ad-Hoc|Mixed Platforms.Deploy.0 = Release|x86
		{356D57A2-4EAC-4F2C-8905-8418BE452C8C}.Ad-Hoc|x86.ActiveCfg = Release|x86
		{356D57A2-4EAC-4F2C-8905-8418BE452C8C}.Ad-Hoc|x86.Build.0 = Release|x86
		{356D57A2-4EAC-4F2C-8905-8418BE452C8C}.Ad-Hoc|x86.Deploy.0 = Release|x86
		{356D57A2-4EAC-4F2C-8905-8418BE452C8C}.AppStore|Any CPU.ActiveCfg = Release|Any CPU
		{356D57A2-4EAC-4F2C-8905-8418BE452C8C}.AppStore|Any CPU.Build.0 = Release|Any CPU
		{356D57A2-4EAC-4F2C-8905-8418BE452C8C}.AppStore|Any CPU.Deploy.0 = Release|Any CPU
		{356D57A2-4EAC-4F2C-8905-8418BE452C8C}.AppStore|ARM.ActiveCfg = Release|ARM
		{356D57A2-4EAC-4F2C-8905-8418BE452C8C}.AppStore|ARM.Build.0 = Release|ARM
		{356D57A2-4EAC-4F2C-8905-8418BE452C8C}.AppStore|ARM.Deploy.0 = Release|ARM
		{356D57A2-4EAC-4F2C-8905-8418BE452C8C}.AppStore|iPhone.ActiveCfg = Release|Any CPU
		{356D57A2-4EAC-4F2C-8905-8418BE452C8C}.AppStore|iPhoneSimulator.ActiveCfg = Release|Any CPU
		{356D57A2-4EAC-4F2C-8905-8418BE452C8C}.AppStore|Mixed Platforms.ActiveCfg = Release|x86
		{356D57A2-4EAC-4F2C-8905-8418BE452C8C}.AppStore|Mixed Platforms.Build.0 = Release|x86
		{356D57A2-4EAC-4F2C-8905-8418BE452C8C}.AppStore|Mixed Platforms.Deploy.0 = Release|x86
		{356D57A2-4EAC-4F2C-8905-8418BE452C8C}.AppStore|x86.ActiveCfg = Release|x86
		{356D57A2-4EAC-4F2C-8905-8418BE452C8C}.AppStore|x86.Build.0 = Release|x86
		{356D57A2-4EAC-4F2C-8905-8418BE452C8C}.AppStore|x86.Deploy.0 = Release|x86
		{356D57A2-4EAC-4F2C-8905-8418BE452C8C}.Debug|Any CPU.ActiveCfg = Debug|Any CPU
		{356D57A2-4EAC-4F2C-8905-8418BE452C8C}.Debug|Any CPU.Build.0 = Debug|Any CPU
		{356D57A2-4EAC-4F2C-8905-8418BE452C8C}.Debug|Any CPU.Deploy.0 = Debug|Any CPU
		{356D57A2-4EAC-4F2C-8905-8418BE452C8C}.Debug|ARM.ActiveCfg = Debug|ARM
		{356D57A2-4EAC-4F2C-8905-8418BE452C8C}.Debug|ARM.Build.0 = Debug|ARM
		{356D57A2-4EAC-4F2C-8905-8418BE452C8C}.Debug|ARM.Deploy.0 = Debug|ARM
		{356D57A2-4EAC-4F2C-8905-8418BE452C8C}.Debug|iPhone.ActiveCfg = Debug|Any CPU
		{356D57A2-4EAC-4F2C-8905-8418BE452C8C}.Debug|iPhoneSimulator.ActiveCfg = Debug|Any CPU
		{356D57A2-4EAC-4F2C-8905-8418BE452C8C}.Debug|Mixed Platforms.ActiveCfg = Debug|x86
		{356D57A2-4EAC-4F2C-8905-8418BE452C8C}.Debug|Mixed Platforms.Build.0 = Debug|x86
		{356D57A2-4EAC-4F2C-8905-8418BE452C8C}.Debug|Mixed Platforms.Deploy.0 = Debug|x86
		{356D57A2-4EAC-4F2C-8905-8418BE452C8C}.Debug|x86.ActiveCfg = Debug|x86
		{356D57A2-4EAC-4F2C-8905-8418BE452C8C}.Debug|x86.Build.0 = Debug|x86
		{356D57A2-4EAC-4F2C-8905-8418BE452C8C}.Debug|x86.Deploy.0 = Debug|x86
		{356D57A2-4EAC-4F2C-8905-8418BE452C8C}.Release|Any CPU.ActiveCfg = Release|Any CPU
		{356D57A2-4EAC-4F2C-8905-8418BE452C8C}.Release|Any CPU.Build.0 = Release|Any CPU
		{356D57A2-4EAC-4F2C-8905-8418BE452C8C}.Release|Any CPU.Deploy.0 = Release|Any CPU
		{356D57A2-4EAC-4F2C-8905-8418BE452C8C}.Release|ARM.ActiveCfg = Release|ARM
		{356D57A2-4EAC-4F2C-8905-8418BE452C8C}.Release|ARM.Build.0 = Release|ARM
		{356D57A2-4EAC-4F2C-8905-8418BE452C8C}.Release|ARM.Deploy.0 = Release|ARM
		{356D57A2-4EAC-4F2C-8905-8418BE452C8C}.Release|iPhone.ActiveCfg = Release|Any CPU
		{356D57A2-4EAC-4F2C-8905-8418BE452C8C}.Release|iPhoneSimulator.ActiveCfg = Release|Any CPU
		{356D57A2-4EAC-4F2C-8905-8418BE452C8C}.Release|Mixed Platforms.ActiveCfg = Release|x86
		{356D57A2-4EAC-4F2C-8905-8418BE452C8C}.Release|Mixed Platforms.Build.0 = Release|x86
		{356D57A2-4EAC-4F2C-8905-8418BE452C8C}.Release|Mixed Platforms.Deploy.0 = Release|x86
		{356D57A2-4EAC-4F2C-8905-8418BE452C8C}.Release|x86.ActiveCfg = Release|x86
		{356D57A2-4EAC-4F2C-8905-8418BE452C8C}.Release|x86.Build.0 = Release|x86
		{356D57A2-4EAC-4F2C-8905-8418BE452C8C}.Release|x86.Deploy.0 = Release|x86
		{B6EFEA1D-A751-48E2-9DC5-CED0BAAB09DA}.Ad-Hoc|Any CPU.ActiveCfg = Release|Any CPU
		{B6EFEA1D-A751-48E2-9DC5-CED0BAAB09DA}.Ad-Hoc|Any CPU.Build.0 = Release|Any CPU
		{B6EFEA1D-A751-48E2-9DC5-CED0BAAB09DA}.Ad-Hoc|ARM.ActiveCfg = Release|Any CPU
		{B6EFEA1D-A751-48E2-9DC5-CED0BAAB09DA}.Ad-Hoc|iPhone.ActiveCfg = Release|Any CPU
		{B6EFEA1D-A751-48E2-9DC5-CED0BAAB09DA}.Ad-Hoc|iPhoneSimulator.ActiveCfg = Release|Any CPU
		{B6EFEA1D-A751-48E2-9DC5-CED0BAAB09DA}.Ad-Hoc|Mixed Platforms.ActiveCfg = Release|Any CPU
		{B6EFEA1D-A751-48E2-9DC5-CED0BAAB09DA}.Ad-Hoc|Mixed Platforms.Build.0 = Release|Any CPU
		{B6EFEA1D-A751-48E2-9DC5-CED0BAAB09DA}.Ad-Hoc|x86.ActiveCfg = Release|Any CPU
		{B6EFEA1D-A751-48E2-9DC5-CED0BAAB09DA}.AppStore|Any CPU.ActiveCfg = Release|Any CPU
		{B6EFEA1D-A751-48E2-9DC5-CED0BAAB09DA}.AppStore|Any CPU.Build.0 = Release|Any CPU
		{B6EFEA1D-A751-48E2-9DC5-CED0BAAB09DA}.AppStore|ARM.ActiveCfg = Release|Any CPU
		{B6EFEA1D-A751-48E2-9DC5-CED0BAAB09DA}.AppStore|iPhone.ActiveCfg = Release|Any CPU
		{B6EFEA1D-A751-48E2-9DC5-CED0BAAB09DA}.AppStore|iPhoneSimulator.ActiveCfg = Release|Any CPU
		{B6EFEA1D-A751-48E2-9DC5-CED0BAAB09DA}.AppStore|Mixed Platforms.ActiveCfg = Release|Any CPU
		{B6EFEA1D-A751-48E2-9DC5-CED0BAAB09DA}.AppStore|Mixed Platforms.Build.0 = Release|Any CPU
		{B6EFEA1D-A751-48E2-9DC5-CED0BAAB09DA}.AppStore|x86.ActiveCfg = Release|Any CPU
		{B6EFEA1D-A751-48E2-9DC5-CED0BAAB09DA}.Debug|Any CPU.ActiveCfg = Debug|Any CPU
		{B6EFEA1D-A751-48E2-9DC5-CED0BAAB09DA}.Debug|Any CPU.Build.0 = Debug|Any CPU
		{B6EFEA1D-A751-48E2-9DC5-CED0BAAB09DA}.Debug|ARM.ActiveCfg = Debug|Any CPU
		{B6EFEA1D-A751-48E2-9DC5-CED0BAAB09DA}.Debug|iPhone.ActiveCfg = Debug|Any CPU
		{B6EFEA1D-A751-48E2-9DC5-CED0BAAB09DA}.Debug|iPhoneSimulator.ActiveCfg = Debug|Any CPU
		{B6EFEA1D-A751-48E2-9DC5-CED0BAAB09DA}.Debug|Mixed Platforms.ActiveCfg = Debug|Any CPU
		{B6EFEA1D-A751-48E2-9DC5-CED0BAAB09DA}.Debug|Mixed Platforms.Build.0 = Debug|Any CPU
		{B6EFEA1D-A751-48E2-9DC5-CED0BAAB09DA}.Debug|x86.ActiveCfg = Debug|Any CPU
		{B6EFEA1D-A751-48E2-9DC5-CED0BAAB09DA}.Release|Any CPU.ActiveCfg = Release|Any CPU
		{B6EFEA1D-A751-48E2-9DC5-CED0BAAB09DA}.Release|Any CPU.Build.0 = Release|Any CPU
		{B6EFEA1D-A751-48E2-9DC5-CED0BAAB09DA}.Release|ARM.ActiveCfg = Release|Any CPU
		{B6EFEA1D-A751-48E2-9DC5-CED0BAAB09DA}.Release|iPhone.ActiveCfg = Release|Any CPU
		{B6EFEA1D-A751-48E2-9DC5-CED0BAAB09DA}.Release|iPhoneSimulator.ActiveCfg = Release|Any CPU
		{B6EFEA1D-A751-48E2-9DC5-CED0BAAB09DA}.Release|Mixed Platforms.ActiveCfg = Release|Any CPU
		{B6EFEA1D-A751-48E2-9DC5-CED0BAAB09DA}.Release|Mixed Platforms.Build.0 = Release|Any CPU
		{B6EFEA1D-A751-48E2-9DC5-CED0BAAB09DA}.Release|x86.ActiveCfg = Release|Any CPU
		{7A98D914-5738-4A09-9DFB-D6D47AE768C5}.Ad-Hoc|Any CPU.ActiveCfg = Release|Any CPU
		{7A98D914-5738-4A09-9DFB-D6D47AE768C5}.Ad-Hoc|Any CPU.Build.0 = Release|Any CPU
		{7A98D914-5738-4A09-9DFB-D6D47AE768C5}.Ad-Hoc|Any CPU.Deploy.0 = Release|Any CPU
		{7A98D914-5738-4A09-9DFB-D6D47AE768C5}.Ad-Hoc|ARM.ActiveCfg = Release|Any CPU
		{7A98D914-5738-4A09-9DFB-D6D47AE768C5}.Ad-Hoc|iPhone.ActiveCfg = Release|Any CPU
		{7A98D914-5738-4A09-9DFB-D6D47AE768C5}.Ad-Hoc|iPhoneSimulator.ActiveCfg = Release|Any CPU
		{7A98D914-5738-4A09-9DFB-D6D47AE768C5}.Ad-Hoc|Mixed Platforms.ActiveCfg = Release|Any CPU
		{7A98D914-5738-4A09-9DFB-D6D47AE768C5}.Ad-Hoc|Mixed Platforms.Build.0 = Release|Any CPU
		{7A98D914-5738-4A09-9DFB-D6D47AE768C5}.Ad-Hoc|Mixed Platforms.Deploy.0 = Release|Any CPU
		{7A98D914-5738-4A09-9DFB-D6D47AE768C5}.Ad-Hoc|x86.ActiveCfg = Release|Any CPU
		{7A98D914-5738-4A09-9DFB-D6D47AE768C5}.AppStore|Any CPU.ActiveCfg = Release|Any CPU
		{7A98D914-5738-4A09-9DFB-D6D47AE768C5}.AppStore|Any CPU.Build.0 = Release|Any CPU
		{7A98D914-5738-4A09-9DFB-D6D47AE768C5}.AppStore|Any CPU.Deploy.0 = Release|Any CPU
		{7A98D914-5738-4A09-9DFB-D6D47AE768C5}.AppStore|ARM.ActiveCfg = Release|Any CPU
		{7A98D914-5738-4A09-9DFB-D6D47AE768C5}.AppStore|iPhone.ActiveCfg = Release|Any CPU
		{7A98D914-5738-4A09-9DFB-D6D47AE768C5}.AppStore|iPhoneSimulator.ActiveCfg = Release|Any CPU
		{7A98D914-5738-4A09-9DFB-D6D47AE768C5}.AppStore|Mixed Platforms.ActiveCfg = Release|Any CPU
		{7A98D914-5738-4A09-9DFB-D6D47AE768C5}.AppStore|Mixed Platforms.Build.0 = Release|Any CPU
		{7A98D914-5738-4A09-9DFB-D6D47AE768C5}.AppStore|Mixed Platforms.Deploy.0 = Release|Any CPU
		{7A98D914-5738-4A09-9DFB-D6D47AE768C5}.AppStore|x86.ActiveCfg = Release|Any CPU
		{7A98D914-5738-4A09-9DFB-D6D47AE768C5}.Debug|Any CPU.ActiveCfg = Debug|Any CPU
		{7A98D914-5738-4A09-9DFB-D6D47AE768C5}.Debug|Any CPU.Build.0 = Debug|Any CPU
		{7A98D914-5738-4A09-9DFB-D6D47AE768C5}.Debug|Any CPU.Deploy.0 = Debug|Any CPU
		{7A98D914-5738-4A09-9DFB-D6D47AE768C5}.Debug|ARM.ActiveCfg = Debug|Any CPU
		{7A98D914-5738-4A09-9DFB-D6D47AE768C5}.Debug|iPhone.ActiveCfg = Debug|Any CPU
		{7A98D914-5738-4A09-9DFB-D6D47AE768C5}.Debug|iPhoneSimulator.ActiveCfg = Debug|Any CPU
		{7A98D914-5738-4A09-9DFB-D6D47AE768C5}.Debug|Mixed Platforms.ActiveCfg = Debug|Any CPU
		{7A98D914-5738-4A09-9DFB-D6D47AE768C5}.Debug|Mixed Platforms.Build.0 = Debug|Any CPU
		{7A98D914-5738-4A09-9DFB-D6D47AE768C5}.Debug|Mixed Platforms.Deploy.0 = Debug|Any CPU
		{7A98D914-5738-4A09-9DFB-D6D47AE768C5}.Debug|x86.ActiveCfg = Debug|Any CPU
		{7A98D914-5738-4A09-9DFB-D6D47AE768C5}.Release|Any CPU.ActiveCfg = Release|Any CPU
		{7A98D914-5738-4A09-9DFB-D6D47AE768C5}.Release|Any CPU.Build.0 = Release|Any CPU
		{7A98D914-5738-4A09-9DFB-D6D47AE768C5}.Release|Any CPU.Deploy.0 = Release|Any CPU
		{7A98D914-5738-4A09-9DFB-D6D47AE768C5}.Release|ARM.ActiveCfg = Release|Any CPU
		{7A98D914-5738-4A09-9DFB-D6D47AE768C5}.Release|iPhone.ActiveCfg = Release|Any CPU
		{7A98D914-5738-4A09-9DFB-D6D47AE768C5}.Release|iPhoneSimulator.ActiveCfg = Release|Any CPU
		{7A98D914-5738-4A09-9DFB-D6D47AE768C5}.Release|Mixed Platforms.ActiveCfg = Release|Any CPU
		{7A98D914-5738-4A09-9DFB-D6D47AE768C5}.Release|Mixed Platforms.Build.0 = Release|Any CPU
		{7A98D914-5738-4A09-9DFB-D6D47AE768C5}.Release|Mixed Platforms.Deploy.0 = Release|Any CPU
		{7A98D914-5738-4A09-9DFB-D6D47AE768C5}.Release|x86.ActiveCfg = Release|Any CPU
	EndGlobalSection
	GlobalSection(SolutionProperties) = preSolution
		HideSolutionNode = FALSE
	EndGlobalSection
EndGlobal
